<?xml version="1.0" encoding="utf-8"?>
<Project ToolsVersion="16.0" xmlns="http://schemas.microsoft.com/developer/msbuild/2003">
  <ItemGroup>
    <ClCompile Include="E:\CLionProjects\Core24\Lib\core\Class.cpp">
      <Filter>Source Files</Filter>
    </ClCompile>
    <ClCompile Include="E:\CLionProjects\Core24\Lib\core\misc\Compiler.cpp">
      <Filter>Source Files</Filter>
    </ClCompile>
    <ClCompile Include="E:\CLionProjects\Core24\Lib\core\misc\Literals.cpp">
      <Filter>Source Files</Filter>
    </ClCompile>
    <ClCompile Include="E:\CLionProjects\Core24\Lib\core\misc\OS.cpp">
      <Filter>Source Files</Filter>
    </ClCompile>
    <ClCompile Include="E:\CLionProjects\Core24\Lib\core\misc\Templates.cpp">
      <Filter>Source Files</Filter>
    </ClCompile>
    <ClCompile Include="E:\CLionProjects\Core24\Lib\core\misc\Types.cpp">
      <Filter>Source Files</Filter>
    </ClCompile>
  </ItemGroup>
  <ItemGroup>
    <ClInclude Include="E:\CLionProjects\Core24\Lib\core\Class.h">
      <Filter>Header Files</Filter>
    </ClInclude>
    <ClInclude Include="E:\CLionProjects\Core24\Lib\core\misc\Compiler.h">
      <Filter>Header Files</Filter>
    </ClInclude>
    <ClInclude Include="E:\CLionProjects\Core24\Lib\core\misc\Literals.h">
      <Filter>Header Files</Filter>
    </ClInclude>
    <ClInclude Include="E:\CLionProjects\Core24\Lib\core\misc\OS.h">
      <Filter>Header Files</Filter>
    </ClInclude>
    <ClInclude Include="E:\CLionProjects\Core24\Lib\core\misc\Templates.h">
      <Filter>Header Files</Filter>
    </ClInclude>
    <ClInclude Include="E:\CLionProjects\Core24\Lib\core\misc\Types.h">
      <Filter>Header Files</Filter>
    </ClInclude>
  </ItemGroup>
  <ItemGroup>
    <CustomBuild Include="E:\CLionProjects\Core24\CMakeLists.txt" />
  </ItemGroup>
  <ItemGroup>
    <Filter Include="Header Files">
      <UniqueIdentifier>{72E7D92D-A582-3A32-A1A9-D0CF6B411086}</UniqueIdentifier>
    </Filter>
    <Filter Include="Source Files">
      <UniqueIdentifier>{2AC14ED2-629B-34AD-8D65-26513E077F89}</UniqueIdentifier>
    </Filter>
  </ItemGroup>
</Project>
