<?xml version="1.0" encoding="utf-8"?>
<Project ToolsVersion="16.0" xmlns="http://schemas.microsoft.com/developer/msbuild/2003">
  <ItemGroup>
    <ClCompile Include="E:\CLionProjects\Core24\Lib\core\Class.cpp">
      <Filter>Source Files</Filter>
    </ClCompile>
    <ClCompile Include="E:\CLionProjects\Core24\Lib\core\Object.cpp">
      <Filter>Source Files</Filter>
    </ClCompile>
    <ClCompile Include="E:\CLionProjects\Core24\Lib\core\misc\Nil.cpp">
      <Filter>Source Files</Filter>
    </ClCompile>
    <ClCompile Include="E:\CLionProjects\Core24\Lib\core\Comparable.cpp">
      <Filter>Source Files</Filter>
    </ClCompile>
    <ClCompile Include="E:\CLionProjects\Core24\Lib\core\Number.cpp">
      <Filter>Source Files</Filter>
    </ClCompile>
    <ClCompile Include="E:\CLionProjects\Core24\Lib\core\CharSequence.cpp">
      <Filter>Source Files</Filter>
    </ClCompile>
    <ClCompile Include="E:\CLionProjects\Core24\Lib\core\CharArray.cpp">
      <Filter>Source Files</Filter>
    </ClCompile>
    <ClCompile Include="E:\CLionProjects\Core24\Lib\core\ByteArray.cpp">
      <Filter>Source Files</Filter>
    </ClCompile>
    <ClCompile Include="E:\CLionProjects\Core24\Lib\core\IntArray.cpp">
      <Filter>Source Files</Filter>
    </ClCompile>
    <ClCompile Include="E:\CLionProjects\Core24\Lib\core\LongArray.cpp">
      <Filter>Source Files</Filter>
    </ClCompile>
    <ClCompile Include="E:\CLionProjects\Core24\Lib\core\FloatArray.cpp">
      <Filter>Source Files</Filter>
    </ClCompile>
    <ClCompile Include="E:\CLionProjects\Core24\Lib\core\String.cpp">
      <Filter>Source Files</Filter>
    </ClCompile>
    <ClCompile Include="E:\CLionProjects\Core24\Lib\meta\StringUtils.cpp">
      <Filter>Source Files</Filter>
    </ClCompile>
    <ClCompile Include="E:\CLionProjects\Core24\Lib\core\misc\Precondion.cpp">
      <Filter>Source Files</Filter>
    </ClCompile>
    <ClCompile Include="E:\CLionProjects\Core24\Lib\core\Boolean.cpp">
      <Filter>Source Files</Filter>
    </ClCompile>
    <ClCompile Include="E:\CLionProjects\Core24\Lib\core\Integer.cpp">
      <Filter>Source Files</Filter>
    </ClCompile>
    <ClCompile Include="E:\CLionProjects\Core24\Lib\core\Long.cpp">
      <Filter>Source Files</Filter>
    </ClCompile>
    <ClCompile Include="E:\CLionProjects\Core24\Lib\core\Byte.cpp">
      <Filter>Source Files</Filter>
    </ClCompile>
    <ClCompile Include="E:\CLionProjects\Core24\Lib\core\Short.cpp">
      <Filter>Source Files</Filter>
    </ClCompile>
  </ItemGroup>
  <ItemGroup>
    <ClInclude Include="E:\CLionProjects\Core24\Lib\core\Class.h">
      <Filter>Header Files</Filter>
    </ClInclude>
    <ClInclude Include="E:\CLionProjects\Core24\Lib\core\Object.h">
      <Filter>Header Files</Filter>
    </ClInclude>
    <ClInclude Include="E:\CLionProjects\Core24\Lib\core\misc\Nil.h">
      <Filter>Header Files</Filter>
    </ClInclude>
    <ClInclude Include="E:\CLionProjects\Core24\Lib\core\Comparable.h">
      <Filter>Header Files</Filter>
    </ClInclude>
    <ClInclude Include="E:\CLionProjects\Core24\Lib\core\Number.h">
      <Filter>Header Files</Filter>
    </ClInclude>
    <ClInclude Include="E:\CLionProjects\Core24\Lib\core\CharSequence.h">
      <Filter>Header Files</Filter>
    </ClInclude>
    <ClInclude Include="E:\CLionProjects\Core24\Lib\core\CharArray.h">
      <Filter>Header Files</Filter>
    </ClInclude>
    <ClInclude Include="E:\CLionProjects\Core24\Lib\core\ByteArray.h">
      <Filter>Header Files</Filter>
    </ClInclude>
    <ClInclude Include="E:\CLionProjects\Core24\Lib\core\IntArray.h">
      <Filter>Header Files</Filter>
    </ClInclude>
    <ClInclude Include="E:\CLionProjects\Core24\Lib\core\LongArray.h">
      <Filter>Header Files</Filter>
    </ClInclude>
    <ClInclude Include="E:\CLionProjects\Core24\Lib\core\FloatArray.h">
      <Filter>Header Files</Filter>
    </ClInclude>
    <ClInclude Include="E:\CLionProjects\Core24\Lib\core\String.h">
      <Filter>Header Files</Filter>
    </ClInclude>
    <ClInclude Include="E:\CLionProjects\Core24\Lib\meta\StringUtils.h">
      <Filter>Header Files</Filter>
    </ClInclude>
    <ClInclude Include="E:\CLionProjects\Core24\Lib\core\misc\Precondition.h">
      <Filter>Header Files</Filter>
    </ClInclude>
    <ClInclude Include="E:\CLionProjects\Core24\Lib\core\Boolean.h">
      <Filter>Header Files</Filter>
    </ClInclude>
    <ClInclude Include="E:\CLionProjects\Core24\Lib\core\Integer.h">
      <Filter>Header Files</Filter>
    </ClInclude>
    <ClInclude Include="E:\CLionProjects\Core24\Lib\core\Long.h">
      <Filter>Header Files</Filter>
    </ClInclude>
    <ClInclude Include="E:\CLionProjects\Core24\Lib\core\Byte.h">
      <Filter>Header Files</Filter>
    </ClInclude>
    <ClInclude Include="E:\CLionProjects\Core24\Lib\core\Short.h">
      <Filter>Header Files</Filter>
    </ClInclude>
  </ItemGroup>
  <ItemGroup>
    <CustomBuild Include="E:\CLionProjects\Core24\CMakeLists.txt" />
  </ItemGroup>
  <ItemGroup>
    <Filter Include="Header Files">
      <UniqueIdentifier>{72E7D92D-A582-3A32-A1A9-D0CF6B411086}</UniqueIdentifier>
    </Filter>
    <Filter Include="Source Files">
      <UniqueIdentifier>{2AC14ED2-629B-34AD-8D65-26513E077F89}</UniqueIdentifier>
    </Filter>
  </ItemGroup>
</Project>
